{
  "version": 4,
  "terraform_version": "1.10.0",
  "serial": 92,
  "lineage": "eb7bc489-bfde-b0ba-0d05-1853a73e15a8",
  "outputs": {},
  "resources": [
    {
      "mode": "data",
      "type": "google_compute_network",
      "name": "existing_vpc",
      "provider": "provider[\"registry.terraform.io/hashicorp/google\"]",
      "instances": [
        {
          "schema_version": 0,
          "attributes": {
            "description": "Default network for the project",
            "gateway_ipv4": "",
            "id": "projects/rational-iris-436104-f3/global/networks/default",
            "internal_ipv6_range": "",
            "name": "default",
            "project": null,
            "self_link": "https://www.googleapis.com/compute/v1/projects/rational-iris-436104-f3/global/networks/default",
            "subnetworks_self_links": [
              "https://www.googleapis.com/compute/v1/projects/rational-iris-436104-f3/regions/europe-west10/subnetworks/default",
              "https://www.googleapis.com/compute/v1/projects/rational-iris-436104-f3/regions/australia-southeast1/subnetworks/default",
              "https://www.googleapis.com/compute/v1/projects/rational-iris-436104-f3/regions/asia-southeast1/subnetworks/default",
              "https://www.googleapis.com/compute/v1/projects/rational-iris-436104-f3/regions/asia-northeast2/subnetworks/default",
              "https://www.googleapis.com/compute/v1/projects/rational-iris-436104-f3/regions/northamerica-south1/subnetworks/default",
              "https://www.googleapis.com/compute/v1/projects/rational-iris-436104-f3/regions/us-east1/subnetworks/default",
              "https://www.googleapis.com/compute/v1/projects/rational-iris-436104-f3/regions/northamerica-northeast2/subnetworks/default",
              "https://www.googleapis.com/compute/v1/projects/rational-iris-436104-f3/regions/asia-northeast1/subnetworks/default",
              "https://www.googleapis.com/compute/v1/projects/rational-iris-436104-f3/regions/me-central1/subnetworks/default",
              "https://www.googleapis.com/compute/v1/projects/rational-iris-436104-f3/regions/europe-west1/subnetworks/default",
              "https://www.googleapis.com/compute/v1/projects/rational-iris-436104-f3/regions/europe-southwest1/subnetworks/default",
              "https://www.googleapis.com/compute/v1/projects/rational-iris-436104-f3/regions/us-west1/subnetworks/default",
              "https://www.googleapis.com/compute/v1/projects/rational-iris-436104-f3/regions/northamerica-northeast1/subnetworks/default",
              "https://www.googleapis.com/compute/v1/projects/rational-iris-436104-f3/regions/us-west2/subnetworks/default",
              "https://www.googleapis.com/compute/v1/projects/rational-iris-436104-f3/regions/southamerica-west1/subnetworks/default",
              "https://www.googleapis.com/compute/v1/projects/rational-iris-436104-f3/regions/southamerica-east1/subnetworks/default",
              "https://www.googleapis.com/compute/v1/projects/rational-iris-436104-f3/regions/europe-north1/subnetworks/default",
              "https://www.googleapis.com/compute/v1/projects/rational-iris-436104-f3/regions/me-west1/subnetworks/default",
              "https://www.googleapis.com/compute/v1/projects/rational-iris-436104-f3/regions/us-west3/subnetworks/default",
              "https://www.googleapis.com/compute/v1/projects/rational-iris-436104-f3/regions/us-central1/subnetworks/default",
              "https://www.googleapis.com/compute/v1/projects/rational-iris-436104-f3/regions/australia-southeast2/subnetworks/default",
              "https://www.googleapis.com/compute/v1/projects/rational-iris-436104-f3/regions/europe-central2/subnetworks/default",
              "https://www.googleapis.com/compute/v1/projects/rational-iris-436104-f3/regions/asia-northeast3/subnetworks/default",
              "https://www.googleapis.com/compute/v1/projects/rational-iris-436104-f3/regions/us-south1/subnetworks/default",
              "https://www.googleapis.com/compute/v1/projects/rational-iris-436104-f3/regions/asia-east2/subnetworks/default",
              "https://www.googleapis.com/compute/v1/projects/rational-iris-436104-f3/regions/asia-east1/subnetworks/default",
              "https://www.googleapis.com/compute/v1/projects/rational-iris-436104-f3/regions/asia-southeast2/subnetworks/default",
              "https://www.googleapis.com/compute/v1/projects/rational-iris-436104-f3/regions/us-east5/subnetworks/default",
              "https://www.googleapis.com/compute/v1/projects/rational-iris-436104-f3/regions/asia-south1/subnetworks/default",
              "https://www.googleapis.com/compute/v1/projects/rational-iris-436104-f3/regions/us-west8/subnetworks/default",
              "https://www.googleapis.com/compute/v1/projects/rational-iris-436104-f3/regions/europe-west4/subnetworks/default",
              "https://www.googleapis.com/compute/v1/projects/rational-iris-436104-f3/regions/europe-west12/subnetworks/default",
              "https://www.googleapis.com/compute/v1/projects/rational-iris-436104-f3/regions/europe-west8/subnetworks/default",
              "https://www.googleapis.com/compute/v1/projects/rational-iris-436104-f3/regions/europe-west3/subnetworks/default",
              "https://www.googleapis.com/compute/v1/projects/rational-iris-436104-f3/regions/us-east7/subnetworks/default",
              "https://www.googleapis.com/compute/v1/projects/rational-iris-436104-f3/regions/europe-west6/subnetworks/default",
              "https://www.googleapis.com/compute/v1/projects/rational-iris-436104-f3/regions/europe-west2/subnetworks/default",
              "https://www.googleapis.com/compute/v1/projects/rational-iris-436104-f3/regions/us-west4/subnetworks/default",
              "https://www.googleapis.com/compute/v1/projects/rational-iris-436104-f3/regions/europe-west9/subnetworks/default",
              "https://www.googleapis.com/compute/v1/projects/rational-iris-436104-f3/regions/asia-south2/subnetworks/default",
              "https://www.googleapis.com/compute/v1/projects/rational-iris-436104-f3/regions/europe-north2/subnetworks/default",
              "https://www.googleapis.com/compute/v1/projects/rational-iris-436104-f3/regions/africa-south1/subnetworks/default",
              "https://www.googleapis.com/compute/v1/projects/rational-iris-436104-f3/regions/us-east4/subnetworks/default"
            ]
          },
          "sensitive_attributes": []
        }
      ]
    },
    {
      "mode": "data",
      "type": "google_compute_subnetwork",
      "name": "existing_subnet",
      "provider": "provider[\"registry.terraform.io/hashicorp/google\"]",
      "instances": [
        {
          "schema_version": 0,
          "attributes": {
            "description": "",
            "gateway_address": "10.148.0.1",
            "id": "projects/rational-iris-436104-f3/regions/asia-southeast1/subnetworks/default",
            "internal_ipv6_prefix": "",
            "ip_cidr_range": "10.148.0.0/20",
            "name": "default",
            "network": "https://www.googleapis.com/compute/v1/projects/rational-iris-436104-f3/global/networks/default",
            "private_ip_google_access": true,
            "project": "rational-iris-436104-f3",
            "region": "asia-southeast1",
            "secondary_ip_range": [],
            "self_link": "https://www.googleapis.com/compute/v1/projects/rational-iris-436104-f3/regions/asia-southeast1/subnetworks/default"
          },
          "sensitive_attributes": []
        }
      ]
    },
    {
      "mode": "managed",
      "type": "google_compute_firewall",
      "name": "allow_http_ssh",
      "provider": "provider[\"registry.terraform.io/hashicorp/google\"]",
      "instances": [
        {
          "schema_version": 1,
          "attributes": {
            "allow": [
              {
                "ports": [
                  "22",
                  "80"
                ],
                "protocol": "tcp"
              }
            ],
            "creation_timestamp": "2024-12-17T02:27:20.822-08:00",
            "deny": [],
            "description": "",
            "destination_ranges": [],
            "direction": "INGRESS",
            "disabled": false,
            "enable_logging": null,
            "id": "projects/rational-iris-436104-f3/global/firewalls/allow-http-ssh",
            "log_config": [],
            "name": "allow-http-ssh",
            "network": "https://www.googleapis.com/compute/v1/projects/rational-iris-436104-f3/global/networks/default",
            "priority": 1000,
            "project": "rational-iris-436104-f3",
            "self_link": "https://www.googleapis.com/compute/v1/projects/rational-iris-436104-f3/global/firewalls/allow-http-ssh",
            "source_ranges": [
              "0.0.0.0/0"
            ],
            "source_service_accounts": null,
            "source_tags": null,
            "target_service_accounts": null,
            "target_tags": null,
            "timeouts": null
          },
          "sensitive_attributes": [],
          "private": "eyJlMmJmYjczMC1lY2FhLTExZTYtOGY4OC0zNDM2M2JjN2M0YzAiOnsiY3JlYXRlIjoxMjAwMDAwMDAwMDAwLCJkZWxldGUiOjEyMDAwMDAwMDAwMDAsInVwZGF0ZSI6MTIwMDAwMDAwMDAwMH0sInNjaGVtYV92ZXJzaW9uIjoiMSJ9",
          "dependencies": [
            "data.google_compute_network.existing_vpc"
          ]
        }
      ]
    },
    {
      "mode": "managed",
      "type": "google_compute_instance",
      "name": "vm_instance",
      "provider": "provider[\"registry.terraform.io/hashicorp/google\"]",
      "instances": [
        {
          "schema_version": 6,
          "attributes": {
            "advanced_machine_features": [],
            "allow_stopping_for_update": null,
            "attached_disk": [],
            "boot_disk": [
              {
                "auto_delete": true,
                "device_name": "persistent-disk-0",
                "disk_encryption_key_raw": "",
                "disk_encryption_key_sha256": "",
                "initialize_params": [
                  {
                    "enable_confidential_compute": false,
                    "image": "https://www.googleapis.com/compute/v1/projects/ubuntu-os-cloud/global/images/ubuntu-2204-jammy-v20241119",
                    "labels": {},
                    "provisioned_iops": 0,
                    "provisioned_throughput": 0,
                    "resource_manager_tags": null,
                    "resource_policies": [],
                    "size": 30,
                    "storage_pool": "",
                    "type": "pd-standard"
                  }
                ],
                "interface": "",
                "kms_key_self_link": "",
                "mode": "READ_WRITE",
                "source": "https://www.googleapis.com/compute/v1/projects/rational-iris-436104-f3/zones/asia-southeast1-a/disks/terraform-testing"
              }
            ],
            "can_ip_forward": false,
            "confidential_instance_config": [],
            "cpu_platform": "Intel Broadwell",
            "current_status": "RUNNING",
            "deletion_protection": false,
            "description": "",
            "desired_status": null,
            "effective_labels": {
              "goog-terraform-provisioned": "true"
            },
            "enable_display": false,
            "guest_accelerator": [],
            "hostname": "",
            "id": "projects/rational-iris-436104-f3/zones/asia-southeast1-a/instances/terraform-testing",
            "instance_id": "1738725042256932069",
            "label_fingerprint": "vezUS-42LLM=",
            "labels": null,
            "machine_type": "e2-medium",
            "metadata": null,
            "metadata_fingerprint": "Wic8KhmRHyA=",
            "metadata_startup_script": null,
            "min_cpu_platform": "",
            "name": "terraform-testing",
            "network_interface": [
              {
                "access_config": [
                  {
                    "nat_ip": "34.143.195.244",
                    "network_tier": "PREMIUM",
                    "public_ptr_domain_name": ""
                  }
                ],
                "alias_ip_range": [],
                "internal_ipv6_prefix_length": 0,
                "ipv6_access_config": [],
                "ipv6_access_type": "",
                "ipv6_address": "",
                "name": "nic0",
                "network": "https://www.googleapis.com/compute/v1/projects/rational-iris-436104-f3/global/networks/default",
                "network_ip": "10.148.0.13",
                "nic_type": "",
                "queue_count": 0,
                "stack_type": "IPV4_ONLY",
                "subnetwork": "https://www.googleapis.com/compute/v1/projects/rational-iris-436104-f3/regions/asia-southeast1/subnetworks/default",
                "subnetwork_project": "rational-iris-436104-f3"
              }
            ],
            "network_performance_config": [],
            "params": [],
            "project": "rational-iris-436104-f3",
            "reservation_affinity": [],
            "resource_policies": null,
            "scheduling": [
              {
                "automatic_restart": true,
                "instance_termination_action": "",
                "local_ssd_recovery_timeout": [],
                "max_run_duration": [],
                "min_node_cpus": 0,
                "node_affinities": [],
                "on_host_maintenance": "MIGRATE",
                "on_instance_stop_action": [],
                "preemptible": false,
                "provisioning_model": "STANDARD"
              }
            ],
            "scratch_disk": [],
            "self_link": "https://www.googleapis.com/compute/v1/projects/rational-iris-436104-f3/zones/asia-southeast1-a/instances/terraform-testing",
            "service_account": [],
            "shielded_instance_config": [
              {
                "enable_integrity_monitoring": true,
                "enable_secure_boot": false,
                "enable_vtpm": true
              }
            ],
            "tags": [
              "dev",
              "web"
            ],
            "tags_fingerprint": "XaeQnaHMn9Y=",
            "terraform_labels": {
              "goog-terraform-provisioned": "true"
            },
            "timeouts": null,
            "zone": "asia-southeast1-a"
          },
          "sensitive_attributes": [
            [
              {
                "type": "get_attr",
                "value": "boot_disk"
              },
              {
                "type": "index",
                "value": {
                  "value": 0,
                  "type": "number"
                }
              },
              {
                "type": "get_attr",
                "value": "disk_encryption_key_raw"
              }
            ]
          ],
          "private": "eyJlMmJmYjczMC1lY2FhLTExZTYtOGY4OC0zNDM2M2JjN2M0YzAiOnsiY3JlYXRlIjoxMjAwMDAwMDAwMDAwLCJkZWxldGUiOjEyMDAwMDAwMDAwMDAsInVwZGF0ZSI6MTIwMDAwMDAwMDAwMH0sInNjaGVtYV92ZXJzaW9uIjoiNiJ9",
          "dependencies": [
            "data.google_compute_subnetwork.existing_subnet"
          ]
        }
      ]
    }
  ],
  "check_results": null
}
